dependencies:
- name: common
  repository: https://charts.bitnami.com/bitnami
  version: 1.11.3
- name: shinyproxy
  repository: https://dabble-of-devops-bioanalyze.github.io/helm-charts/
  version: 0.10.8
digest: sha256:6de5f67fe4bf822e75cd9df8e8208e9e9a953703514f14adabfefb35b46f85ed
generated: "2022-03-09T17:00:57.285475+03:00"
